
Microsoft Visual Studio Solution File, Format Version 12.00
# Visual Studio Version 17
VisualStudioVersion = 17.3.32819.101
MinimumVisualStudioVersion = 10.0.40219.1
Project("{FAE04EC0-301F-11D3-BF4B-00C04F79EFBC}") = "frware-test", "frware-test\frware-test.csproj", "{BD8E7063-B9C7-4620-9217-A11AE49418CC}"
EndProject
Global
	GlobalSection(SolutionConfigurationPlatforms) = preSolution
		Debug|Any CPU = Debug|Any CPU
		Release|Any CPU = Release|Any CPU
	EndGlobalSection
	GlobalSection(ProjectConfigurationPlatforms) = postSolution
		{BD8E7063-B9C7-4620-9217-A11AE49418CC}.Debug|Any CPU.ActiveCfg = Debug|Any CPU
		{BD8E7063-B9C7-4620-9217-A11AE49418CC}.Debug|Any CPU.Build.0 = Debug|Any CPU
		{BD8E7063-B9C7-4620-9217-A11AE49418CC}.Release|Any CPU.ActiveCfg = Release|Any CPU
		{BD8E7063-B9C7-4620-9217-A11AE49418CC}.Release|Any CPU.Build.0 = Release|Any CPU
	EndGlobalSection
	GlobalSection(SolutionProperties) = preSolution
		HideSolutionNode = FALSE
	EndGlobalSection
	GlobalSection(ExtensibilityGlobals) = postSolution
		SolutionGuid = {30BC0209-7AA1-48F5-A185-716388298264}
	EndGlobalSection
EndGlobal
